// !$*UTF8*$!
{
	archiveVersion = 1;
	classes = {
	};
	objectVersion = 50;
	objects = {

/* Begin PBXBuildFile section */
		E04DB06B21C2144600AC6E19 /* UIColor+Ext.swift in Sources */ = {isa = PBXBuildFile; fileRef = E04DB06A21C2144600AC6E19 /* UIColor+Ext.swift */; };
		E04DB06D21C2161E00AC6E19 /* UINavigationController+Ext.swift in Sources */ = {isa = PBXBuildFile; fileRef = E04DB06C21C2161E00AC6E19 /* UINavigationController+Ext.swift */; };
		E04DB07021C219B100AC6E19 /* MapKit.framework in Frameworks */ = {isa = PBXBuildFile; fileRef = E04DB06F21C219B100AC6E19 /* MapKit.framework */; };
		E04DB08621C4948100AC6E19 /* FoodPin.xcdatamodeld in Sources */ = {isa = PBXBuildFile; fileRef = E04DB08421C4948100AC6E19 /* FoodPin.xcdatamodeld */; };
		E04DB09C21C5318800AC6E19 /* RateModel.swift in Sources */ = {isa = PBXBuildFile; fileRef = E04DB08B21C5318800AC6E19 /* RateModel.swift */; };
		E04DB09D21C5318800AC6E19 /* Restaurant.swift in Sources */ = {isa = PBXBuildFile; fileRef = E04DB08C21C5318800AC6E19 /* Restaurant.swift */; };
		E04DB09E21C5318800AC6E19 /* YQRestaurantEditInfoCell.swift in Sources */ = {isa = PBXBuildFile; fileRef = E04DB08E21C5318800AC6E19 /* YQRestaurantEditInfoCell.swift */; };
		E04DB09F21C5318800AC6E19 /* YQRestaurantCellTableViewCell.swift in Sources */ = {isa = PBXBuildFile; fileRef = E04DB08F21C5318800AC6E19 /* YQRestaurantCellTableViewCell.swift */; };
		E04DB0A021C5318800AC6E19 /* YQRestaurantDetailMapCell.swift in Sources */ = {isa = PBXBuildFile; fileRef = E04DB09021C5318800AC6E19 /* YQRestaurantDetailMapCell.swift */; };
		E04DB0A121C5318800AC6E19 /* YQReataurantDetailTextCell.swift in Sources */ = {isa = PBXBuildFile; fileRef = E04DB09121C5318800AC6E19 /* YQReataurantDetailTextCell.swift */; };
		E04DB0A221C5318800AC6E19 /* YQRestaurantDetailIconTextCell.swift in Sources */ = {isa = PBXBuildFile; fileRef = E04DB09221C5318800AC6E19 /* YQRestaurantDetailIconTextCell.swift */; };
		E04DB0A321C5318800AC6E19 /* YQRoundedTextField.swift in Sources */ = {isa = PBXBuildFile; fileRef = E04DB09321C5318800AC6E19 /* YQRoundedTextField.swift */; };
		E04DB0A421C5318800AC6E19 /* YQRestaurantEditPhotoCell.swift in Sources */ = {isa = PBXBuildFile; fileRef = E04DB09421C5318800AC6E19 /* YQRestaurantEditPhotoCell.swift */; };
		E04DB0A521C5318800AC6E19 /* YQRestaurantView.swift in Sources */ = {isa = PBXBuildFile; fileRef = E04DB09521C5318800AC6E19 /* YQRestaurantView.swift */; };
		E04DB0A621C5318800AC6E19 /* YQRestaurantMapViewController.swift in Sources */ = {isa = PBXBuildFile; fileRef = E04DB09721C5318800AC6E19 /* YQRestaurantMapViewController.swift */; };
		E04DB0A721C5318800AC6E19 /* YQNewRestaurantViewController.swift in Sources */ = {isa = PBXBuildFile; fileRef = E04DB09821C5318800AC6E19 /* YQNewRestaurantViewController.swift */; };
		E04DB0A821C5318800AC6E19 /* YQRestaurantReviewViewController.swift in Sources */ = {isa = PBXBuildFile; fileRef = E04DB09921C5318800AC6E19 /* YQRestaurantReviewViewController.swift */; };
		E04DB0A921C5318800AC6E19 /* YQRestaurantDetailViewController.swift in Sources */ = {isa = PBXBuildFile; fileRef = E04DB09A21C5318800AC6E19 /* YQRestaurantDetailViewController.swift */; };
		E04DB0AA21C5318800AC6E19 /* YQRestaurantTableViewController.swift in Sources */ = {isa = PBXBuildFile; fileRef = E04DB09B21C5318800AC6E19 /* YQRestaurantTableViewController.swift */; };
		E04DB0B221C5321E00AC6E19 /* YQRestaurantAboutController.swift in Sources */ = {isa = PBXBuildFile; fileRef = E04DB0B121C5321E00AC6E19 /* YQRestaurantAboutController.swift */; };
		E04DB0B421C53B6300AC6E19 /* YQWebViewController.swift in Sources */ = {isa = PBXBuildFile; fileRef = E04DB0B321C53B6300AC6E19 /* YQWebViewController.swift */; };
		E082E8F221CB4F680067E6FD /* YQDiscoverViewController.swift in Sources */ = {isa = PBXBuildFile; fileRef = E082E8F121CB4F680067E6FD /* YQDiscoverViewController.swift */; };
		E082E8F621CB911B0067E6FD /* Localizable.strings in Resources */ = {isa = PBXBuildFile; fileRef = E082E8F421CB911B0067E6FD /* Localizable.strings */; };
		E0ACD5F0219281910067E227 /* AppDelegate.swift in Sources */ = {isa = PBXBuildFile; fileRef = E0ACD5EF219281910067E227 /* AppDelegate.swift */; };
		E0ACD5F7219281920067E227 /* Assets.xcassets in Resources */ = {isa = PBXBuildFile; fileRef = E0ACD5F6219281920067E227 /* Assets.xcassets */; };
		E0ACD5FA219281920067E227 /* LaunchScreen.storyboard in Resources */ = {isa = PBXBuildFile; fileRef = E0ACD5F8219281920067E227 /* LaunchScreen.storyboard */; };
		E0C386E121CA87CE001A9316 /* CloudKit.framework in Frameworks */ = {isa = PBXBuildFile; fileRef = E0C386E021CA87CE001A9316 /* CloudKit.framework */; };
/* End PBXBuildFile section */

/* Begin PBXFileReference section */
		E04DB06A21C2144600AC6E19 /* UIColor+Ext.swift */ = {isa = PBXFileReference; lastKnownFileType = sourcecode.swift; path = "UIColor+Ext.swift"; sourceTree = "<group>"; };
		E04DB06C21C2161E00AC6E19 /* UINavigationController+Ext.swift */ = {isa = PBXFileReference; lastKnownFileType = sourcecode.swift; path = "UINavigationController+Ext.swift"; sourceTree = "<group>"; };
		E04DB06F21C219B100AC6E19 /* MapKit.framework */ = {isa = PBXFileReference; lastKnownFileType = wrapper.framework; name = MapKit.framework; path = System/Library/Frameworks/MapKit.framework; sourceTree = SDKROOT; };
		E04DB08521C4948100AC6E19 /* FoodPin.xcdatamodel */ = {isa = PBXFileReference; lastKnownFileType = wrapper.xcdatamodel; path = FoodPin.xcdatamodel; sourceTree = "<group>"; };
		E04DB08B21C5318800AC6E19 /* RateModel.swift */ = {isa = PBXFileReference; fileEncoding = 4; lastKnownFileType = sourcecode.swift; path = RateModel.swift; sourceTree = "<group>"; };
		E04DB08C21C5318800AC6E19 /* Restaurant.swift */ = {isa = PBXFileReference; fileEncoding = 4; lastKnownFileType = sourcecode.swift; path = Restaurant.swift; sourceTree = "<group>"; };
		E04DB08E21C5318800AC6E19 /* YQRestaurantEditInfoCell.swift */ = {isa = PBXFileReference; fileEncoding = 4; lastKnownFileType = sourcecode.swift; path = YQRestaurantEditInfoCell.swift; sourceTree = "<group>"; };
		E04DB08F21C5318800AC6E19 /* YQRestaurantCellTableViewCell.swift */ = {isa = PBXFileReference; fileEncoding = 4; lastKnownFileType = sourcecode.swift; path = YQRestaurantCellTableViewCell.swift; sourceTree = "<group>"; };
		E04DB09021C5318800AC6E19 /* YQRestaurantDetailMapCell.swift */ = {isa = PBXFileReference; fileEncoding = 4; lastKnownFileType = sourcecode.swift; path = YQRestaurantDetailMapCell.swift; sourceTree = "<group>"; };
		E04DB09121C5318800AC6E19 /* YQReataurantDetailTextCell.swift */ = {isa = PBXFileReference; fileEncoding = 4; lastKnownFileType = sourcecode.swift; path = YQReataurantDetailTextCell.swift; sourceTree = "<group>"; };
		E04DB09221C5318800AC6E19 /* YQRestaurantDetailIconTextCell.swift */ = {isa = PBXFileReference; fileEncoding = 4; lastKnownFileType = sourcecode.swift; path = YQRestaurantDetailIconTextCell.swift; sourceTree = "<group>"; };
		E04DB09321C5318800AC6E19 /* YQRoundedTextField.swift */ = {isa = PBXFileReference; fileEncoding = 4; lastKnownFileType = sourcecode.swift; path = YQRoundedTextField.swift; sourceTree = "<group>"; };
		E04DB09421C5318800AC6E19 /* YQRestaurantEditPhotoCell.swift */ = {isa = PBXFileReference; fileEncoding = 4; lastKnownFileType = sourcecode.swift; path = YQRestaurantEditPhotoCell.swift; sourceTree = "<group>"; };
		E04DB09521C5318800AC6E19 /* YQRestaurantView.swift */ = {isa = PBXFileReference; fileEncoding = 4; lastKnownFileType = sourcecode.swift; path = YQRestaurantView.swift; sourceTree = "<group>"; };
		E04DB09721C5318800AC6E19 /* YQRestaurantMapViewController.swift */ = {isa = PBXFileReference; fileEncoding = 4; lastKnownFileType = sourcecode.swift; path = YQRestaurantMapViewController.swift; sourceTree = "<group>"; };
		E04DB09821C5318800AC6E19 /* YQNewRestaurantViewController.swift */ = {isa = PBXFileReference; fileEncoding = 4; lastKnownFileType = sourcecode.swift; path = YQNewRestaurantViewController.swift; sourceTree = "<group>"; };
		E04DB09921C5318800AC6E19 /* YQRestaurantReviewViewController.swift */ = {isa = PBXFileReference; fileEncoding = 4; lastKnownFileType = sourcecode.swift; path = YQRestaurantReviewViewController.swift; sourceTree = "<group>"; };
		E04DB09A21C5318800AC6E19 /* YQRestaurantDetailViewController.swift */ = {isa = PBXFileReference; fileEncoding = 4; lastKnownFileType = sourcecode.swift; path = YQRestaurantDetailViewController.swift; sourceTree = "<group>"; };
		E04DB09B21C5318800AC6E19 /* YQRestaurantTableViewController.swift */ = {isa = PBXFileReference; fileEncoding = 4; lastKnownFileType = sourcecode.swift; path = YQRestaurantTableViewController.swift; sourceTree = "<group>"; };
		E04DB0B121C5321E00AC6E19 /* YQRestaurantAboutController.swift */ = {isa = PBXFileReference; lastKnownFileType = sourcecode.swift; path = YQRestaurantAboutController.swift; sourceTree = "<group>"; };
		E04DB0B321C53B6300AC6E19 /* YQWebViewController.swift */ = {isa = PBXFileReference; lastKnownFileType = sourcecode.swift; path = YQWebViewController.swift; sourceTree = "<group>"; };
		E082E8F121CB4F680067E6FD /* YQDiscoverViewController.swift */ = {isa = PBXFileReference; lastKnownFileType = sourcecode.swift; path = YQDiscoverViewController.swift; sourceTree = "<group>"; };
		E082E8F321CB8D320067E6FD /* zh-Hans */ = {isa = PBXFileReference; lastKnownFileType = text.plist.strings; name = "zh-Hans"; path = "zh-Hans.lproj/LaunchScreen.strings"; sourceTree = "<group>"; };
		E082E8F521CB911B0067E6FD /* zh-Hans */ = {isa = PBXFileReference; lastKnownFileType = text.plist.strings; name = "zh-Hans"; path = "zh-Hans.lproj/Localizable.strings"; sourceTree = "<group>"; };
		E0ACD5EC219281910067E227 /* FoodPin.app */ = {isa = PBXFileReference; explicitFileType = wrapper.application; includeInIndex = 0; path = FoodPin.app; sourceTree = BUILT_PRODUCTS_DIR; };
		E0ACD5EF219281910067E227 /* AppDelegate.swift */ = {isa = PBXFileReference; lastKnownFileType = sourcecode.swift; path = AppDelegate.swift; sourceTree = "<group>"; };
		E0ACD5F6219281920067E227 /* Assets.xcassets */ = {isa = PBXFileReference; lastKnownFileType = folder.assetcatalog; path = Assets.xcassets; sourceTree = "<group>"; };
		E0ACD5F9219281920067E227 /* Base */ = {isa = PBXFileReference; lastKnownFileType = file.storyboard; name = Base; path = Base.lproj/LaunchScreen.storyboard; sourceTree = "<group>"; };
		E0ACD5FB219281920067E227 /* Info.plist */ = {isa = PBXFileReference; lastKnownFileType = text.plist.xml; path = Info.plist; sourceTree = "<group>"; };
		E0C386DF21CA87C8001A9316 /* FoodPin.entitlements */ = {isa = PBXFileReference; lastKnownFileType = text.plist.entitlements; path = FoodPin.entitlements; sourceTree = "<group>"; };
		E0C386E021CA87CE001A9316 /* CloudKit.framework */ = {isa = PBXFileReference; lastKnownFileType = wrapper.framework; name = CloudKit.framework; path = System/Library/Frameworks/CloudKit.framework; sourceTree = SDKROOT; };
/* End PBXFileReference section */

/* Begin PBXFrameworksBuildPhase section */
		E0ACD5E9219281910067E227 /* Frameworks */ = {
			isa = PBXFrameworksBuildPhase;
			buildActionMask = 2147483647;
			files = (
				E04DB07021C219B100AC6E19 /* MapKit.framework in Frameworks */,
				E0C386E121CA87CE001A9316 /* CloudKit.framework in Frameworks */,
			);
			runOnlyForDeploymentPostprocessing = 0;
		};
/* End PBXFrameworksBuildPhase section */

/* Begin PBXGroup section */
		E04DB06921C2142F00AC6E19 /* Extensions */ = {
			isa = PBXGroup;
			children = (
				E04DB06A21C2144600AC6E19 /* UIColor+Ext.swift */,
				E04DB06C21C2161E00AC6E19 /* UINavigationController+Ext.swift */,
			);
			path = Extensions;
			sourceTree = "<group>";
		};
		E04DB06E21C219B100AC6E19 /* Frameworks */ = {
			isa = PBXGroup;
			children = (
				E0C386E021CA87CE001A9316 /* CloudKit.framework */,
				E04DB06F21C219B100AC6E19 /* MapKit.framework */,
			);
			name = Frameworks;
			sourceTree = "<group>";
		};
		E04DB08921C5318800AC6E19 /* Favorites */ = {
			isa = PBXGroup;
			children = (
				E04DB08A21C5318800AC6E19 /* Model */,
				E04DB08D21C5318800AC6E19 /* View */,
				E04DB09621C5318800AC6E19 /* ViewController */,
			);
			path = Favorites;
			sourceTree = "<group>";
		};
		E04DB08A21C5318800AC6E19 /* Model */ = {
			isa = PBXGroup;
			children = (
				E04DB08B21C5318800AC6E19 /* RateModel.swift */,
				E04DB08C21C5318800AC6E19 /* Restaurant.swift */,
			);
			path = Model;
			sourceTree = "<group>";
		};
		E04DB08D21C5318800AC6E19 /* View */ = {
			isa = PBXGroup;
			children = (
				E04DB08E21C5318800AC6E19 /* YQRestaurantEditInfoCell.swift */,
				E04DB08F21C5318800AC6E19 /* YQRestaurantCellTableViewCell.swift */,
				E04DB09021C5318800AC6E19 /* YQRestaurantDetailMapCell.swift */,
				E04DB09121C5318800AC6E19 /* YQReataurantDetailTextCell.swift */,
				E04DB09221C5318800AC6E19 /* YQRestaurantDetailIconTextCell.swift */,
				E04DB09321C5318800AC6E19 /* YQRoundedTextField.swift */,
				E04DB09421C5318800AC6E19 /* YQRestaurantEditPhotoCell.swift */,
				E04DB09521C5318800AC6E19 /* YQRestaurantView.swift */,
			);
			path = View;
			sourceTree = "<group>";
		};
		E04DB09621C5318800AC6E19 /* ViewController */ = {
			isa = PBXGroup;
			children = (
				E04DB09721C5318800AC6E19 /* YQRestaurantMapViewController.swift */,
				E04DB09821C5318800AC6E19 /* YQNewRestaurantViewController.swift */,
				E04DB09921C5318800AC6E19 /* YQRestaurantReviewViewController.swift */,
				E04DB09A21C5318800AC6E19 /* YQRestaurantDetailViewController.swift */,
				E04DB09B21C5318800AC6E19 /* YQRestaurantTableViewController.swift */,
			);
			path = ViewController;
			sourceTree = "<group>";
		};
		E04DB0AE21C531F200AC6E19 /* About */ = {
			isa = PBXGroup;
			children = (
				E04DB0B021C5320500AC6E19 /* Controller */,
				E04DB0AF21C531F200AC6E19 /* View */,
			);
			name = About;
			path = FoodPin/YQRestaurant/About;
			sourceTree = SOURCE_ROOT;
		};
		E04DB0AF21C531F200AC6E19 /* View */ = {
			isa = PBXGroup;
			children = (
			);
			path = View;
			sourceTree = "<group>";
		};
		E04DB0B021C5320500AC6E19 /* Controller */ = {
			isa = PBXGroup;
			children = (
				E04DB0B121C5321E00AC6E19 /* YQRestaurantAboutController.swift */,
				E04DB0B321C53B6300AC6E19 /* YQWebViewController.swift */,
			);
			path = Controller;
			sourceTree = "<group>";
		};
		E082E8EF21CB4F460067E6FD /* Discover */ = {
			isa = PBXGroup;
			children = (
				E082E8F021CB4F460067E6FD /* Controller */,
			);
			path = Discover;
			sourceTree = "<group>";
		};
		E082E8F021CB4F460067E6FD /* Controller */ = {
			isa = PBXGroup;
			children = (
				E082E8F121CB4F680067E6FD /* YQDiscoverViewController.swift */,
			);
			path = Controller;
			sourceTree = "<group>";
		};
		E0ACD5E3219281910067E227 = {
			isa = PBXGroup;
			children = (
				E0ACD5EE219281910067E227 /* FoodPin */,
				E0ACD5ED219281910067E227 /* Products */,
				E04DB06E21C219B100AC6E19 /* Frameworks */,
			);
			sourceTree = "<group>";
		};
		E0ACD5ED219281910067E227 /* Products */ = {
			isa = PBXGroup;
			children = (
				E0ACD5EC219281910067E227 /* FoodPin.app */,
			);
			name = Products;
			sourceTree = "<group>";
		};
		E0ACD5EE219281910067E227 /* FoodPin */ = {
			isa = PBXGroup;
			children = (
				E0C386DF21CA87C8001A9316 /* FoodPin.entitlements */,
				E0ACD601219288070067E227 /* YQRestaurant */,
				E04DB06921C2142F00AC6E19 /* Extensions */,
				E0ACD5EF219281910067E227 /* AppDelegate.swift */,
				E0ACD5F6219281920067E227 /* Assets.xcassets */,
				E0ACD5F8219281920067E227 /* LaunchScreen.storyboard */,
				E0ACD5FB219281920067E227 /* Info.plist */,
				E082E8F421CB911B0067E6FD /* Localizable.strings */,
				E04DB08421C4948100AC6E19 /* FoodPin.xcdatamodeld */,
			);
			path = FoodPin;
			sourceTree = "<group>";
		};
		E0ACD601219288070067E227 /* YQRestaurant */ = {
			isa = PBXGroup;
			children = (
				E082E8EF21CB4F460067E6FD /* Discover */,
				E04DB0AE21C531F200AC6E19 /* About */,
				E04DB08921C5318800AC6E19 /* Favorites */,
			);
			path = YQRestaurant;
			sourceTree = "<group>";
		};
/* End PBXGroup section */

/* Begin PBXNativeTarget section */
		E0ACD5EB219281910067E227 /* FoodPin */ = {
			isa = PBXNativeTarget;
			buildConfigurationList = E0ACD5FE219281920067E227 /* Build configuration list for PBXNativeTarget "FoodPin" */;
			buildPhases = (
				E0ACD5E8219281910067E227 /* Sources */,
				E0ACD5E9219281910067E227 /* Frameworks */,
				E0ACD5EA219281910067E227 /* Resources */,
			);
			buildRules = (
			);
			dependencies = (
			);
			name = FoodPin;
			productName = FoodPin;
			productReference = E0ACD5EC219281910067E227 /* FoodPin.app */;
			productType = "com.apple.product-type.application";
		};
/* End PBXNativeTarget section */

/* Begin PBXProject section */
		E0ACD5E4219281910067E227 /* Project object */ = {
			isa = PBXProject;
			attributes = {
				CLASSPREFIX = YQ;
				LastSwiftUpdateCheck = 1000;
				LastUpgradeCheck = 1000;
				ORGANIZATIONNAME = yoferzhang;
				TargetAttributes = {
					E0ACD5EB219281910067E227 = {
						CreatedOnToolsVersion = 10.0;
						LastSwiftMigration = 1010;
						SystemCapabilities = {
							com.apple.Maps.iOS = {
								enabled = 1;
							};
							com.apple.Push = {
								enabled = 1;
							};
							com.apple.iCloud = {
								enabled = 1;
							};
						};
					};
				};
			};
			buildConfigurationList = E0ACD5E7219281910067E227 /* Build configuration list for PBXProject "FoodPin" */;
			compatibilityVersion = "Xcode 9.3";
			developmentRegion = en;
			hasScannedForEncodings = 0;
			knownRegions = (
				en,
				Base,
				"zh-Hans",
			);
			mainGroup = E0ACD5E3219281910067E227;
			productRefGroup = E0ACD5ED219281910067E227 /* Products */;
			projectDirPath = "";
			projectRoot = "";
			targets = (
				E0ACD5EB219281910067E227 /* FoodPin */,
			);
		};
/* End PBXProject section */

/* Begin PBXResourcesBuildPhase section */
		E0ACD5EA219281910067E227 /* Resources */ = {
			isa = PBXResourcesBuildPhase;
			buildActionMask = 2147483647;
			files = (
				E0ACD5FA219281920067E227 /* LaunchScreen.storyboard in Resources */,
				E082E8F621CB911B0067E6FD /* Localizable.strings in Resources */,
				E0ACD5F7219281920067E227 /* Assets.xcassets in Resources */,
			);
			runOnlyForDeploymentPostprocessing = 0;
		};
/* End PBXResourcesBuildPhase section */

/* Begin PBXSourcesBuildPhase section */
		E0ACD5E8219281910067E227 /* Sources */ = {
			isa = PBXSourcesBuildPhase;
			buildActionMask = 2147483647;
			files = (
				E04DB08621C4948100AC6E19 /* FoodPin.xcdatamodeld in Sources */,
				E04DB06D21C2161E00AC6E19 /* UINavigationController+Ext.swift in Sources */,
				E04DB0A021C5318800AC6E19 /* YQRestaurantDetailMapCell.swift in Sources */,
				E04DB0A221C5318800AC6E19 /* YQRestaurantDetailIconTextCell.swift in Sources */,
				E04DB0AA21C5318800AC6E19 /* YQRestaurantTableViewController.swift in Sources */,
				E04DB09D21C5318800AC6E19 /* Restaurant.swift in Sources */,
				E04DB0A421C5318800AC6E19 /* YQRestaurantEditPhotoCell.swift in Sources */,
				E04DB09C21C5318800AC6E19 /* RateModel.swift in Sources */,
				E04DB0A521C5318800AC6E19 /* YQRestaurantView.swift in Sources */,
				E082E8F221CB4F680067E6FD /* YQDiscoverViewController.swift in Sources */,
				E04DB0A921C5318800AC6E19 /* YQRestaurantDetailViewController.swift in Sources */,
				E04DB0B221C5321E00AC6E19 /* YQRestaurantAboutController.swift in Sources */,
				E04DB09F21C5318800AC6E19 /* YQRestaurantCellTableViewCell.swift in Sources */,
				E04DB0A621C5318800AC6E19 /* YQRestaurantMapViewController.swift in Sources */,
				E04DB0A721C5318800AC6E19 /* YQNewRestaurantViewController.swift in Sources */,
				E04DB0B421C53B6300AC6E19 /* YQWebViewController.swift in Sources */,
				E04DB06B21C2144600AC6E19 /* UIColor+Ext.swift in Sources */,
				E04DB0A821C5318800AC6E19 /* YQRestaurantReviewViewController.swift in Sources */,
				E04DB09E21C5318800AC6E19 /* YQRestaurantEditInfoCell.swift in Sources */,
				E04DB0A121C5318800AC6E19 /* YQReataurantDetailTextCell.swift in Sources */,
				E0ACD5F0219281910067E227 /* AppDelegate.swift in Sources */,
				E04DB0A321C5318800AC6E19 /* YQRoundedTextField.swift in Sources */,
			);
			runOnlyForDeploymentPostprocessing = 0;
		};
/* End PBXSourcesBuildPhase section */

/* Begin PBXVariantGroup section */
		E082E8F421CB911B0067E6FD /* Localizable.strings */ = {
			isa = PBXVariantGroup;
			children = (
				E082E8F521CB911B0067E6FD /* zh-Hans */,
			);
			name = Localizable.strings;
			sourceTree = "<group>";
		};
		E0ACD5F8219281920067E227 /* LaunchScreen.storyboard */ = {
			isa = PBXVariantGroup;
			children = (
				E0ACD5F9219281920067E227 /* Base */,
				E082E8F321CB8D320067E6FD /* zh-Hans */,
			);
			name = LaunchScreen.storyboard;
			sourceTree = "<group>";
		};
/* End PBXVariantGroup section */

/* Begin XCBuildConfiguration section */
		E0ACD5FC219281920067E227 /* Debug */ = {
			isa = XCBuildConfiguration;
			buildSettings = {
				ALWAYS_SEARCH_USER_PATHS = NO;
				CLANG_ANALYZER_LOCALIZABILITY_NONLOCALIZED = YES;
				CLANG_ANALYZER_NONNULL = YES;
				CLANG_ANALYZER_NUMBER_OBJECT_CONVERSION = YES_AGGRESSIVE;
				CLANG_CXX_LANGUAGE_STANDARD = "gnu++14";
				CLANG_CXX_LIBRARY = "libc++";
				CLANG_ENABLE_MODULES = YES;
				CLANG_ENABLE_OBJC_ARC = YES;
				CLANG_ENABLE_OBJC_WEAK = YES;
				CLANG_WARN_BLOCK_CAPTURE_AUTORELEASING = YES;
				CLANG_WARN_BOOL_CONVERSION = YES;
				CLANG_WARN_COMMA = YES;
				CLANG_WARN_CONSTANT_CONVERSION = YES;
				CLANG_WARN_DEPRECATED_OBJC_IMPLEMENTATIONS = YES;
				CLANG_WARN_DIRECT_OBJC_ISA_USAGE = YES_ERROR;
				CLANG_WARN_DOCUMENTATION_COMMENTS = YES;
				CLANG_WARN_EMPTY_BODY = YES;
				CLANG_WARN_ENUM_CONVERSION = YES;
				CLANG_WARN_INFINITE_RECURSION = YES;
				CLANG_WARN_INT_CONVERSION = YES;
				CLANG_WARN_NON_LITERAL_NULL_CONVERSION = YES;
				CLANG_WARN_OBJC_IMPLICIT_RETAIN_SELF = YES;
				CLANG_WARN_OBJC_LITERAL_CONVERSION = YES;
				CLANG_WARN_OBJC_ROOT_CLASS = YES_ERROR;
				CLANG_WARN_RANGE_LOOP_ANALYSIS = YES;
				CLANG_WARN_STRICT_PROTOTYPES = YES;
				CLANG_WARN_SUSPICIOUS_MOVE = YES;
				CLANG_WARN_UNGUARDED_AVAILABILITY = YES_AGGRESSIVE;
				CLANG_WARN_UNREACHABLE_CODE = YES;
				CLANG_WARN__DUPLICATE_METHOD_MATCH = YES;
				CODE_SIGN_IDENTITY = "iPhone Developer";
				COPY_PHASE_STRIP = NO;
				DEBUG_INFORMATION_FORMAT = dwarf;
				ENABLE_STRICT_OBJC_MSGSEND = YES;
				ENABLE_TESTABILITY = YES;
				GCC_C_LANGUAGE_STANDARD = gnu11;
				GCC_DYNAMIC_NO_PIC = NO;
				GCC_NO_COMMON_BLOCKS = YES;
				GCC_OPTIMIZATION_LEVEL = 0;
				GCC_PREPROCESSOR_DEFINITIONS = (
					"DEBUG=1",
					"$(inherited)",
				);
				GCC_WARN_64_TO_32_BIT_CONVERSION = YES;
				GCC_WARN_ABOUT_RETURN_TYPE = YES_ERROR;
				GCC_WARN_UNDECLARED_SELECTOR = YES;
				GCC_WARN_UNINITIALIZED_AUTOS = YES_AGGRESSIVE;
				GCC_WARN_UNUSED_FUNCTION = YES;
				GCC_WARN_UNUSED_VARIABLE = YES;
				IPHONEOS_DEPLOYMENT_TARGET = 12.0;
				MTL_ENABLE_DEBUG_INFO = INCLUDE_SOURCE;
				MTL_FAST_MATH = YES;
				ONLY_ACTIVE_ARCH = YES;
				SDKROOT = iphoneos;
				SWIFT_ACTIVE_COMPILATION_CONDITIONS = DEBUG;
				SWIFT_OPTIMIZATION_LEVEL = "-Onone";
			};
			name = Debug;
		};
		E0ACD5FD219281920067E227 /* Release */ = {
			isa = XCBuildConfiguration;
			buildSettings = {
				ALWAYS_SEARCH_USER_PATHS = NO;
				CLANG_ANALYZER_LOCALIZABILITY_NONLOCALIZED = YES;
				CLANG_ANALYZER_NONNULL = YES;
				CLANG_ANALYZER_NUMBER_OBJECT_CONVERSION = YES_AGGRESSIVE;
				CLANG_CXX_LANGUAGE_STANDARD = "gnu++14";
				CLANG_CXX_LIBRARY = "libc++";
				CLANG_ENABLE_MODULES = YES;
				CLANG_ENABLE_OBJC_ARC = YES;
				CLANG_ENABLE_OBJC_WEAK = YES;
				CLANG_WARN_BLOCK_CAPTURE_AUTORELEASING = YES;
				CLANG_WARN_BOOL_CONVERSION = YES;
				CLANG_WARN_COMMA = YES;
				CLANG_WARN_CONSTANT_CONVERSION = YES;
				CLANG_WARN_DEPRECATED_OBJC_IMPLEMENTATIONS = YES;
				CLANG_WARN_DIRECT_OBJC_ISA_USAGE = YES_ERROR;
				CLANG_WARN_DOCUMENTATION_COMMENTS = YES;
				CLANG_WARN_EMPTY_BODY = YES;
				CLANG_WARN_ENUM_CONVERSION = YES;
				CLANG_WARN_INFINITE_RECURSION = YES;
				CLANG_WARN_INT_CONVERSION = YES;
				CLANG_WARN_NON_LITERAL_NULL_CONVERSION = YES;
				CLANG_WARN_OBJC_IMPLICIT_RETAIN_SELF = YES;
				CLANG_WARN_OBJC_LITERAL_CONVERSION = YES;
				CLANG_WARN_OBJC_ROOT_CLASS = YES_ERROR;
				CLANG_WARN_RANGE_LOOP_ANALYSIS = YES;
				CLANG_WARN_STRICT_PROTOTYPES = YES;
				CLANG_WARN_SUSPICIOUS_MOVE = YES;
				CLANG_WARN_UNGUARDED_AVAILABILITY = YES_AGGRESSIVE;
				CLANG_WARN_UNREACHABLE_CODE = YES;
				CLANG_WARN__DUPLICATE_METHOD_MATCH = YES;
				CODE_SIGN_IDENTITY = "iPhone Developer";
				COPY_PHASE_STRIP = NO;
				DEBUG_INFORMATION_FORMAT = "dwarf-with-dsym";
				ENABLE_NS_ASSERTIONS = NO;
				ENABLE_STRICT_OBJC_MSGSEND = YES;
				GCC_C_LANGUAGE_STANDARD = gnu11;
				GCC_NO_COMMON_BLOCKS = YES;
				GCC_WARN_64_TO_32_BIT_CONVERSION = YES;
				GCC_WARN_ABOUT_RETURN_TYPE = YES_ERROR;
				GCC_WARN_UNDECLARED_SELECTOR = YES;
				GCC_WARN_UNINITIALIZED_AUTOS = YES_AGGRESSIVE;
				GCC_WARN_UNUSED_FUNCTION = YES;
				GCC_WARN_UNUSED_VARIABLE = YES;
				IPHONEOS_DEPLOYMENT_TARGET = 12.0;
				MTL_ENABLE_DEBUG_INFO = NO;
				MTL_FAST_MATH = YES;
				SDKROOT = iphoneos;
				SWIFT_COMPILATION_MODE = wholemodule;
				SWIFT_OPTIMIZATION_LEVEL = "-O";
				VALIDATE_PRODUCT = YES;
			};
			name = Release;
		};
		E0ACD5FF219281920067E227 /* Debug */ = {
			isa = XCBuildConfiguration;
			buildSettings = {
				ASSETCATALOG_COMPILER_APPICON_NAME = AppIcon;
				CLANG_ENABLE_MODULES = YES;
				CODE_SIGN_ENTITLEMENTS = FoodPin/FoodPin.entitlements;
				CODE_SIGN_STYLE = Automatic;
				DEVELOPMENT_TEAM = UU882X7AT3;
				INFOPLIST_FILE = FoodPin/Info.plist;
				LD_RUNPATH_SEARCH_PATHS = (
					"$(inherited)",
					"@executable_path/Frameworks",
				);
				PRODUCT_BUNDLE_IDENTIFIER = com.yoferzhang.FoodPin;
				PRODUCT_NAME = "$(TARGET_NAME)";
				SWIFT_OPTIMIZATION_LEVEL = "-Onone";
				SWIFT_VERSION = 4.2;
				TARGETED_DEVICE_FAMILY = "1,2";
			};
			name = Debug;
		};
		E0ACD600219281920067E227 /* Release */ = {
			isa = XCBuildConfiguration;
			buildSettings = {
				ASSETCATALOG_COMPILER_APPICON_NAME = AppIcon;
				CLANG_ENABLE_MODULES = YES;
				CODE_SIGN_ENTITLEMENTS = FoodPin/FoodPin.entitlements;
				CODE_SIGN_STYLE = Automatic;
				DEVELOPMENT_TEAM = UU882X7AT3;
				INFOPLIST_FILE = FoodPin/Info.plist;
				LD_RUNPATH_SEARCH_PATHS = (
					"$(inherited)",
					"@executable_path/Frameworks",
				);
				PRODUCT_BUNDLE_IDENTIFIER = com.yoferzhang.FoodPin;
				PRODUCT_NAME = "$(TARGET_NAME)";
				SWIFT_VERSION = 4.2;
				TARGETED_DEVICE_FAMILY = "1,2";
			};
			name = Release;
		};
/* End XCBuildConfiguration section */

/* Begin XCConfigurationList section */
		E0ACD5E7219281910067E227 /* Build configuration list for PBXProject "FoodPin" */ = {
			isa = XCConfigurationList;
			buildConfigurations = (
				E0ACD5FC219281920067E227 /* Debug */,
				E0ACD5FD219281920067E227 /* Release */,
			);
			defaultConfigurationIsVisible = 0;
			defaultConfigurationName = Release;
		};
		E0ACD5FE219281920067E227 /* Build configuration list for PBXNativeTarget "FoodPin" */ = {
			isa = XCConfigurationList;
			buildConfigurations = (
				E0ACD5FF219281920067E227 /* Debug */,
				E0ACD600219281920067E227 /* Release */,
			);
			defaultConfigurationIsVisible = 0;
			defaultConfigurationName = Release;
		};
/* End XCConfigurationList section */

/* Begin XCVersionGroup section */
		E04DB08421C4948100AC6E19 /* FoodPin.xcdatamodeld */ = {
			isa = XCVersionGroup;
			children = (
				E04DB08521C4948100AC6E19 /* FoodPin.xcdatamodel */,
			);
			currentVersion = E04DB08521C4948100AC6E19 /* FoodPin.xcdatamodel */;
			path = FoodPin.xcdatamodeld;
			sourceTree = "<group>";
			versionGroupType = wrapper.xcdatamodel;
		};
/* End XCVersionGroup section */
	};
	rootObject = E0ACD5E4219281910067E227 /* Project object */;
}
